{
  "name": "app",
  "lockfileVersion": 3,
  "requires": true,
  "packages": {
    "": {
      "dependencies": {
        "@formkit/auto-animate": "^0.9.0"
      }
    },
    "node_modules/@formkit/auto-animate": {
      "version": "0.9.0",
      "resolved": "https://registry.npmjs.org/@formkit/auto-animate/-/auto-animate-0.9.0.tgz",
      "integrity": "sha512-VhP4zEAacXS3dfTpJpJ88QdLqMTcabMg0jwpOSxZ/VzfQVfl3GkZSCZThhGC5uhq/TxPHPzW0dzr4H9Bb1OgKA==",
      "license": "MIT"
    }
  }
}
